
Microsoft Visual Studio Solution File, Format Version 12.00
# Visual Studio Version 17
VisualStudioVersion = 17.0.31919.166
MinimumVisualStudioVersion = 10.0.40219.1
Project("{FAE04EC0-301F-11D3-BF4B-00C04F79EFBC}") = "TranslationService", "TranslationService\TranslationService.csproj", "{06C81DC3-6787-47AC-8521-5792FC560F9C}"
EndProject
Global
	GlobalSection(SolutionConfigurationPlatforms) = preSolution
		Debug|Any CPU = Debug|Any CPU
		Release|Any CPU = Release|Any CPU
	EndGlobalSection
	GlobalSection(ProjectConfigurationPlatforms) = postSolution
		{06C81DC3-6787-47AC-8521-5792FC560F9C}.Debug|Any CPU.ActiveCfg = Debug|Any CPU
		{06C81DC3-6787-47AC-8521-5792FC560F9C}.Debug|Any CPU.Build.0 = Debug|Any CPU
		{06C81DC3-6787-47AC-8521-5792FC560F9C}.Release|Any CPU.ActiveCfg = Release|Any CPU
		{06C81DC3-6787-47AC-8521-5792FC560F9C}.Release|Any CPU.Build.0 = Release|Any CPU
	EndGlobalSection
	GlobalSection(SolutionProperties) = preSolution
		HideSolutionNode = FALSE
	EndGlobalSection
	GlobalSection(ExtensibilityGlobals) = postSolution
		SolutionGuid = {40EF223A-27E2-47B9-BCD7-421E27292D05}
	EndGlobalSection
EndGlobal
